// !$*UTF8*$!
{
	archiveVersion = 1;
	classes = {
	};
	objectVersion = 56;
	objects = {

/* Begin PBXBuildFile section */
		2FED03B92C36586300DD62BE /* LandmarksApp.swift in Sources */ = {isa = PBXBuildFile; fileRef = 2FED03B82C36586300DD62BE /* LandmarksApp.swift */; };
		2FED03BB2C36586300DD62BE /* ContentView.swift in Sources */ = {isa = PBXBuildFile; fileRef = 2FED03BA2C36586300DD62BE /* ContentView.swift */; };
		2FED03BD2C36586400DD62BE /* Assets.xcassets in Resources */ = {isa = PBXBuildFile; fileRef = 2FED03BC2C36586400DD62BE /* Assets.xcassets */; };
		2FED03C02C36586400DD62BE /* Preview Assets.xcassets in Resources */ = {isa = PBXBuildFile; fileRef = 2FED03BF2C36586400DD62BE /* Preview Assets.xcassets */; };
		2FED03CA2C36586400DD62BE /* LandmarksTests.swift in Sources */ = {isa = PBXBuildFile; fileRef = 2FED03C92C36586400DD62BE /* LandmarksTests.swift */; };
		2FED03D42C36586400DD62BE /* LandmarksUITests.swift in Sources */ = {isa = PBXBuildFile; fileRef = 2FED03D32C36586400DD62BE /* LandmarksUITests.swift */; };
		2FED03D62C36586400DD62BE /* LandmarksUITestsLaunchTests.swift in Sources */ = {isa = PBXBuildFile; fileRef = 2FED03D52C36586400DD62BE /* LandmarksUITestsLaunchTests.swift */; };
		2FED03E32C3BE65D00DD62BE /* LayoutPracticeView.swift in Sources */ = {isa = PBXBuildFile; fileRef = 2FED03E22C3BE65D00DD62BE /* LayoutPracticeView.swift */; };
		2FED03E52C3D0C8A00DD62BE /* CircleImage.swift in Sources */ = {isa = PBXBuildFile; fileRef = 2FED03E42C3D0C8A00DD62BE /* CircleImage.swift */; };
		2FED03E72C3D110F00DD62BE /* MapView.swift in Sources */ = {isa = PBXBuildFile; fileRef = 2FED03E62C3D110F00DD62BE /* MapView.swift */; };
		2FED03E92C3D2CF800DD62BE /* landmarkData.json in Resources */ = {isa = PBXBuildFile; fileRef = 2FED03E82C3D2CF800DD62BE /* landmarkData.json */; };
		2FED03EB2C3D2D1200DD62BE /* Landmark.swift in Sources */ = {isa = PBXBuildFile; fileRef = 2FED03EA2C3D2D1200DD62BE /* Landmark.swift */; };
		2FED03EF2C3D305A00DD62BE /* ModelData.swift in Sources */ = {isa = PBXBuildFile; fileRef = 2FED03EE2C3D305A00DD62BE /* ModelData.swift */; };
		2FED03F42C3D426900DD62BE /* LandmarkRow.swift in Sources */ = {isa = PBXBuildFile; fileRef = 2FED03F32C3D426900DD62BE /* LandmarkRow.swift */; };
/* End PBXBuildFile section */

/* Begin PBXContainerItemProxy section */
		2FED03C62C36586400DD62BE /* PBXContainerItemProxy */ = {
			isa = PBXContainerItemProxy;
			containerPortal = 2FED03AD2C36586300DD62BE /* Project object */;
			proxyType = 1;
			remoteGlobalIDString = 2FED03B42C36586300DD62BE;
			remoteInfo = Landmarks;
		};
		2FED03D02C36586400DD62BE /* PBXContainerItemProxy */ = {
			isa = PBXContainerItemProxy;
			containerPortal = 2FED03AD2C36586300DD62BE /* Project object */;
			proxyType = 1;
			remoteGlobalIDString = 2FED03B42C36586300DD62BE;
			remoteInfo = Landmarks;
		};
/* End PBXContainerItemProxy section */

/* Begin PBXFileReference section */
		2FED03B52C36586300DD62BE /* Landmarks.app */ = {isa = PBXFileReference; explicitFileType = wrapper.application; includeInIndex = 0; path = Landmarks.app; sourceTree = BUILT_PRODUCTS_DIR; };
		2FED03B82C36586300DD62BE /* LandmarksApp.swift */ = {isa = PBXFileReference; lastKnownFileType = sourcecode.swift; path = LandmarksApp.swift; sourceTree = "<group>"; };
		2FED03BA2C36586300DD62BE /* ContentView.swift */ = {isa = PBXFileReference; lastKnownFileType = sourcecode.swift; path = ContentView.swift; sourceTree = "<group>"; };
		2FED03BC2C36586400DD62BE /* Assets.xcassets */ = {isa = PBXFileReference; lastKnownFileType = folder.assetcatalog; path = Assets.xcassets; sourceTree = "<group>"; };
		2FED03BF2C36586400DD62BE /* Preview Assets.xcassets */ = {isa = PBXFileReference; lastKnownFileType = folder.assetcatalog; path = "Preview Assets.xcassets"; sourceTree = "<group>"; };
		2FED03C52C36586400DD62BE /* LandmarksTests.xctest */ = {isa = PBXFileReference; explicitFileType = wrapper.cfbundle; includeInIndex = 0; path = LandmarksTests.xctest; sourceTree = BUILT_PRODUCTS_DIR; };
		2FED03C92C36586400DD62BE /* LandmarksTests.swift */ = {isa = PBXFileReference; lastKnownFileType = sourcecode.swift; path = LandmarksTests.swift; sourceTree = "<group>"; };
		2FED03CF2C36586400DD62BE /* LandmarksUITests.xctest */ = {isa = PBXFileReference; explicitFileType = wrapper.cfbundle; includeInIndex = 0; path = LandmarksUITests.xctest; sourceTree = BUILT_PRODUCTS_DIR; };
		2FED03D32C36586400DD62BE /* LandmarksUITests.swift */ = {isa = PBXFileReference; lastKnownFileType = sourcecode.swift; path = LandmarksUITests.swift; sourceTree = "<group>"; };
		2FED03D52C36586400DD62BE /* LandmarksUITestsLaunchTests.swift */ = {isa = PBXFileReference; lastKnownFileType = sourcecode.swift; path = LandmarksUITestsLaunchTests.swift; sourceTree = "<group>"; };
		2FED03E22C3BE65D00DD62BE /* LayoutPracticeView.swift */ = {isa = PBXFileReference; lastKnownFileType = sourcecode.swift; path = LayoutPracticeView.swift; sourceTree = "<group>"; };
		2FED03E42C3D0C8A00DD62BE /* CircleImage.swift */ = {isa = PBXFileReference; lastKnownFileType = sourcecode.swift; path = CircleImage.swift; sourceTree = "<group>"; };
		2FED03E62C3D110F00DD62BE /* MapView.swift */ = {isa = PBXFileReference; lastKnownFileType = sourcecode.swift; path = MapView.swift; sourceTree = "<group>"; };
		2FED03E82C3D2CF800DD62BE /* landmarkData.json */ = {isa = PBXFileReference; fileEncoding = 4; lastKnownFileType = text.json; path = landmarkData.json; sourceTree = "<group>"; };
		2FED03EA2C3D2D1200DD62BE /* Landmark.swift */ = {isa = PBXFileReference; lastKnownFileType = sourcecode.swift; path = Landmark.swift; sourceTree = "<group>"; };
		2FED03EE2C3D305A00DD62BE /* ModelData.swift */ = {isa = PBXFileReference; lastKnownFileType = sourcecode.swift; path = ModelData.swift; sourceTree = "<group>"; };
		2FED03F32C3D426900DD62BE /* LandmarkRow.swift */ = {isa = PBXFileReference; lastKnownFileType = sourcecode.swift; path = LandmarkRow.swift; sourceTree = "<group>"; };
/* End PBXFileReference section */

/* Begin PBXFrameworksBuildPhase section */
		2FED03B22C36586300DD62BE /* Frameworks */ = {
			isa = PBXFrameworksBuildPhase;
			buildActionMask = 2147483647;
			files = (
			);
			runOnlyForDeploymentPostprocessing = 0;
		};
		2FED03C22C36586400DD62BE /* Frameworks */ = {
			isa = PBXFrameworksBuildPhase;
			buildActionMask = 2147483647;
			files = (
			);
			runOnlyForDeploymentPostprocessing = 0;
		};
		2FED03CC2C36586400DD62BE /* Frameworks */ = {
			isa = PBXFrameworksBuildPhase;
			buildActionMask = 2147483647;
			files = (
			);
			runOnlyForDeploymentPostprocessing = 0;
		};
/* End PBXFrameworksBuildPhase section */

/* Begin PBXGroup section */
		2FED03AC2C36586300DD62BE = {
			isa = PBXGroup;
			children = (
				2FED03B72C36586300DD62BE /* Landmarks */,
				2FED03C82C36586400DD62BE /* LandmarksTests */,
				2FED03D22C36586400DD62BE /* LandmarksUITests */,
				2FED03B62C36586300DD62BE /* Products */,
			);
			sourceTree = "<group>";
		};
		2FED03B62C36586300DD62BE /* Products */ = {
			isa = PBXGroup;
			children = (
				2FED03B52C36586300DD62BE /* Landmarks.app */,
				2FED03C52C36586400DD62BE /* LandmarksTests.xctest */,
				2FED03CF2C36586400DD62BE /* LandmarksUITests.xctest */,
			);
			name = Products;
			sourceTree = "<group>";
		};
		2FED03B72C36586300DD62BE /* Landmarks */ = {
			isa = PBXGroup;
			children = (
				2FED03F22C3D333D00DD62BE /* Resources */,
				2FED03F12C3D333400DD62BE /* Model */,
				2FED03F02C3D332C00DD62BE /* Views */,
				2FED03B82C36586300DD62BE /* LandmarksApp.swift */,
				2FED03BC2C36586400DD62BE /* Assets.xcassets */,
				2FED03BE2C36586400DD62BE /* Preview Content */,
				2FED03E22C3BE65D00DD62BE /* LayoutPracticeView.swift */,
			);
			path = Landmarks;
			sourceTree = "<group>";
		};
		2FED03BE2C36586400DD62BE /* Preview Content */ = {
			isa = PBXGroup;
			children = (
				2FED03BF2C36586400DD62BE /* Preview Assets.xcassets */,
			);
			path = "Preview Content";
			sourceTree = "<group>";
		};
		2FED03C82C36586400DD62BE /* LandmarksTests */ = {
			isa = PBXGroup;
			children = (
				2FED03C92C36586400DD62BE /* LandmarksTests.swift */,
			);
			path = LandmarksTests;
			sourceTree = "<group>";
		};
		2FED03D22C36586400DD62BE /* LandmarksUITests */ = {
			isa = PBXGroup;
			children = (
				2FED03D32C36586400DD62BE /* LandmarksUITests.swift */,
				2FED03D52C36586400DD62BE /* LandmarksUITestsLaunchTests.swift */,
			);
			path = LandmarksUITests;
			sourceTree = "<group>";
		};
		2FED03F02C3D332C00DD62BE /* Views */ = {
			isa = PBXGroup;
			children = (
				2FED03BA2C36586300DD62BE /* ContentView.swift */,
				2FED03E42C3D0C8A00DD62BE /* CircleImage.swift */,
				2FED03E62C3D110F00DD62BE /* MapView.swift */,
				2FED03F32C3D426900DD62BE /* LandmarkRow.swift */,
			);
			path = Views;
			sourceTree = "<group>";
		};
		2FED03F12C3D333400DD62BE /* Model */ = {
			isa = PBXGroup;
			children = (
				2FED03EA2C3D2D1200DD62BE /* Landmark.swift */,
				2FED03EE2C3D305A00DD62BE /* ModelData.swift */,
			);
			path = Model;
			sourceTree = "<group>";
		};
		2FED03F22C3D333D00DD62BE /* Resources */ = {
			isa = PBXGroup;
			children = (
				2FED03E82C3D2CF800DD62BE /* landmarkData.json */,
			);
			path = Resources;
			sourceTree = "<group>";
		};
/* End PBXGroup section */

/* Begin PBXNativeTarget section */
		2FED03B42C36586300DD62BE /* Landmarks */ = {
			isa = PBXNativeTarget;
			buildConfigurationList = 2FED03D92C36586400DD62BE /* Build configuration list for PBXNativeTarget "Landmarks" */;
			buildPhases = (
				2FED03B12C36586300DD62BE /* Sources */,
				2FED03B22C36586300DD62BE /* Frameworks */,
				2FED03B32C36586300DD62BE /* Resources */,
			);
			buildRules = (
			);
			dependencies = (
			);
			name = Landmarks;
			productName = Landmarks;
			productReference = 2FED03B52C36586300DD62BE /* Landmarks.app */;
			productType = "com.apple.product-type.application";
		};
		2FED03C42C36586400DD62BE /* LandmarksTests */ = {
			isa = PBXNativeTarget;
			buildConfigurationList = 2FED03DC2C36586400DD62BE /* Build configuration list for PBXNativeTarget "LandmarksTests" */;
			buildPhases = (
				2FED03C12C36586400DD62BE /* Sources */,
				2FED03C22C36586400DD62BE /* Frameworks */,
				2FED03C32C36586400DD62BE /* Resources */,
			);
			buildRules = (
			);
			dependencies = (
				2FED03C72C36586400DD62BE /* PBXTargetDependency */,
			);
			name = LandmarksTests;
			productName = LandmarksTests;
			productReference = 2FED03C52C36586400DD62BE /* LandmarksTests.xctest */;
			productType = "com.apple.product-type.bundle.unit-test";
		};
		2FED03CE2C36586400DD62BE /* LandmarksUITests */ = {
			isa = PBXNativeTarget;
			buildConfigurationList = 2FED03DF2C36586400DD62BE /* Build configuration list for PBXNativeTarget "LandmarksUITests" */;
			buildPhases = (
				2FED03CB2C36586400DD62BE /* Sources */,
				2FED03CC2C36586400DD62BE /* Frameworks */,
				2FED03CD2C36586400DD62BE /* Resources */,
			);
			buildRules = (
			);
			dependencies = (
				2FED03D12C36586400DD62BE /* PBXTargetDependency */,
			);
			name = LandmarksUITests;
			productName = LandmarksUITests;
			productReference = 2FED03CF2C36586400DD62BE /* LandmarksUITests.xctest */;
			productType = "com.apple.product-type.bundle.ui-testing";
		};
/* End PBXNativeTarget section */

/* Begin PBXProject section */
		2FED03AD2C36586300DD62BE /* Project object */ = {
			isa = PBXProject;
			attributes = {
				BuildIndependentTargetsInParallel = 1;
				LastSwiftUpdateCheck = 1540;
				LastUpgradeCheck = 1540;
				TargetAttributes = {
					2FED03B42C36586300DD62BE = {
						CreatedOnToolsVersion = 15.4;
					};
					2FED03C42C36586400DD62BE = {
						CreatedOnToolsVersion = 15.4;
						TestTargetID = 2FED03B42C36586300DD62BE;
					};
					2FED03CE2C36586400DD62BE = {
						CreatedOnToolsVersion = 15.4;
						TestTargetID = 2FED03B42C36586300DD62BE;
					};
				};
			};
			buildConfigurationList = 2FED03B02C36586300DD62BE /* Build configuration list for PBXProject "Landmarks" */;
			compatibilityVersion = "Xcode 14.0";
			developmentRegion = en;
			hasScannedForEncodings = 0;
			knownRegions = (
				en,
				Base,
			);
			mainGroup = 2FED03AC2C36586300DD62BE;
			productRefGroup = 2FED03B62C36586300DD62BE /* Products */;
			projectDirPath = "";
			projectRoot = "";
			targets = (
				2FED03B42C36586300DD62BE /* Landmarks */,
				2FED03C42C36586400DD62BE /* LandmarksTests */,
				2FED03CE2C36586400DD62BE /* LandmarksUITests */,
			);
		};
/* End PBXProject section */

/* Begin PBXResourcesBuildPhase section */
		2FED03B32C36586300DD62BE /* Resources */ = {
			isa = PBXResourcesBuildPhase;
			buildActionMask = 2147483647;
			files = (
				2FED03C02C36586400DD62BE /* Preview Assets.xcassets in Resources */,
				2FED03BD2C36586400DD62BE /* Assets.xcassets in Resources */,
				2FED03E92C3D2CF800DD62BE /* landmarkData.json in Resources */,
			);
			runOnlyForDeploymentPostprocessing = 0;
		};
		2FED03C32C36586400DD62BE /* Resources */ = {
			isa = PBXResourcesBuildPhase;
			buildActionMask = 2147483647;
			files = (
			);
			runOnlyForDeploymentPostprocessing = 0;
		};
		2FED03CD2C36586400DD62BE /* Resources */ = {
			isa = PBXResourcesBuildPhase;
			buildActionMask = 2147483647;
			files = (
			);
			runOnlyForDeploymentPostprocessing = 0;
		};
/* End PBXResourcesBuildPhase section */

/* Begin PBXSourcesBuildPhase section */
		2FED03B12C36586300DD62BE /* Sources */ = {
			isa = PBXSourcesBuildPhase;
			buildActionMask = 2147483647;
			files = (
				2FED03BB2C36586300DD62BE /* ContentView.swift in Sources */,
				2FED03E52C3D0C8A00DD62BE /* CircleImage.swift in Sources */,
				2FED03E72C3D110F00DD62BE /* MapView.swift in Sources */,
				2FED03B92C36586300DD62BE /* LandmarksApp.swift in Sources */,
				2FED03E32C3BE65D00DD62BE /* LayoutPracticeView.swift in Sources */,
				2FED03EB2C3D2D1200DD62BE /* Landmark.swift in Sources */,
				2FED03F42C3D426900DD62BE /* LandmarkRow.swift in Sources */,
				2FED03EF2C3D305A00DD62BE /* ModelData.swift in Sources */,
			);
			runOnlyForDeploymentPostprocessing = 0;
		};
		2FED03C12C36586400DD62BE /* Sources */ = {
			isa = PBXSourcesBuildPhase;
			buildActionMask = 2147483647;
			files = (
				2FED03CA2C36586400DD62BE /* LandmarksTests.swift in Sources */,
			);
			runOnlyForDeploymentPostprocessing = 0;
		};
		2FED03CB2C36586400DD62BE /* Sources */ = {
			isa = PBXSourcesBuildPhase;
			buildActionMask = 2147483647;
			files = (
				2FED03D62C36586400DD62BE /* LandmarksUITestsLaunchTests.swift in Sources */,
				2FED03D42C36586400DD62BE /* LandmarksUITests.swift in Sources */,
			);
			runOnlyForDeploymentPostprocessing = 0;
		};
/* End PBXSourcesBuildPhase section */

/* Begin PBXTargetDependency section */
		2FED03C72C36586400DD62BE /* PBXTargetDependency */ = {
			isa = PBXTargetDependency;
			target = 2FED03B42C36586300DD62BE /* Landmarks */;
			targetProxy = 2FED03C62C36586400DD62BE /* PBXContainerItemProxy */;
		};
		2FED03D12C36586400DD62BE /* PBXTargetDependency */ = {
			isa = PBXTargetDependency;
			target = 2FED03B42C36586300DD62BE /* Landmarks */;
			targetProxy = 2FED03D02C36586400DD62BE /* PBXContainerItemProxy */;
		};
/* End PBXTargetDependency section */

/* Begin XCBuildConfiguration section */
		2FED03D72C36586400DD62BE /* Debug */ = {
			isa = XCBuildConfiguration;
			buildSettings = {
				ALWAYS_SEARCH_USER_PATHS = NO;
				ASSETCATALOG_COMPILER_GENERATE_SWIFT_ASSET_SYMBOL_EXTENSIONS = YES;
				CLANG_ANALYZER_NONNULL = YES;
				CLANG_ANALYZER_NUMBER_OBJECT_CONVERSION = YES_AGGRESSIVE;
				CLANG_CXX_LANGUAGE_STANDARD = "gnu++20";
				CLANG_ENABLE_MODULES = YES;
				CLANG_ENABLE_OBJC_ARC = YES;
				CLANG_ENABLE_OBJC_WEAK = YES;
				CLANG_WARN_BLOCK_CAPTURE_AUTORELEASING = YES;
				CLANG_WARN_BOOL_CONVERSION = YES;
				CLANG_WARN_COMMA = YES;
				CLANG_WARN_CONSTANT_CONVERSION = YES;
				CLANG_WARN_DEPRECATED_OBJC_IMPLEMENTATIONS = YES;
				CLANG_WARN_DIRECT_OBJC_ISA_USAGE = YES_ERROR;
				CLANG_WARN_DOCUMENTATION_COMMENTS = YES;
				CLANG_WARN_EMPTY_BODY = YES;
				CLANG_WARN_ENUM_CONVERSION = YES;
				CLANG_WARN_INFINITE_RECURSION = YES;
				CLANG_WARN_INT_CONVERSION = YES;
				CLANG_WARN_NON_LITERAL_NULL_CONVERSION = YES;
				CLANG_WARN_OBJC_IMPLICIT_RETAIN_SELF = YES;
				CLANG_WARN_OBJC_LITERAL_CONVERSION = YES;
				CLANG_WARN_OBJC_ROOT_CLASS = YES_ERROR;
				CLANG_WARN_QUOTED_INCLUDE_IN_FRAMEWORK_HEADER = YES;
				CLANG_WARN_RANGE_LOOP_ANALYSIS = YES;
				CLANG_WARN_STRICT_PROTOTYPES = YES;
				CLANG_WARN_SUSPICIOUS_MOVE = YES;
				CLANG_WARN_UNGUARDED_AVAILABILITY = YES_AGGRESSIVE;
				CLANG_WARN_UNREACHABLE_CODE = YES;
				CLANG_WARN__DUPLICATE_METHOD_MATCH = YES;
				COPY_PHASE_STRIP = NO;
				DEBUG_INFORMATION_FORMAT = dwarf;
				ENABLE_STRICT_OBJC_MSGSEND = YES;
				ENABLE_TESTABILITY = YES;
				ENABLE_USER_SCRIPT_SANDBOXING = YES;
				GCC_C_LANGUAGE_STANDARD = gnu17;
				GCC_DYNAMIC_NO_PIC = NO;
				GCC_NO_COMMON_BLOCKS = YES;
				GCC_OPTIMIZATION_LEVEL = 0;
				GCC_PREPROCESSOR_DEFINITIONS = (
					"DEBUG=1",
					"$(inherited)",
				);
				GCC_WARN_64_TO_32_BIT_CONVERSION = YES;
				GCC_WARN_ABOUT_RETURN_TYPE = YES_ERROR;
				GCC_WARN_UNDECLARED_SELECTOR = YES;
				GCC_WARN_UNINITIALIZED_AUTOS = YES_AGGRESSIVE;
				GCC_WARN_UNUSED_FUNCTION = YES;
				GCC_WARN_UNUSED_VARIABLE = YES;
				IPHONEOS_DEPLOYMENT_TARGET = 17.5;
				LOCALIZATION_PREFERS_STRING_CATALOGS = YES;
				MTL_ENABLE_DEBUG_INFO = INCLUDE_SOURCE;
				MTL_FAST_MATH = YES;
				ONLY_ACTIVE_ARCH = YES;
				SDKROOT = iphoneos;
				SWIFT_ACTIVE_COMPILATION_CONDITIONS = "DEBUG $(inherited)";
				SWIFT_OPTIMIZATION_LEVEL = "-Onone";
			};
			name = Debug;
		};
		2FED03D82C36586400DD62BE /* Release */ = {
			isa = XCBuildConfiguration;
			buildSettings = {
				ALWAYS_SEARCH_USER_PATHS = NO;
				ASSETCATALOG_COMPILER_GENERATE_SWIFT_ASSET_SYMBOL_EXTENSIONS = YES;
				CLANG_ANALYZER_NONNULL = YES;
				CLANG_ANALYZER_NUMBER_OBJECT_CONVERSION = YES_AGGRESSIVE;
				CLANG_CXX_LANGUAGE_STANDARD = "gnu++20";
				CLANG_ENABLE_MODULES = YES;
				CLANG_ENABLE_OBJC_ARC = YES;
				CLANG_ENABLE_OBJC_WEAK = YES;
				CLANG_WARN_BLOCK_CAPTURE_AUTORELEASING = YES;
				CLANG_WARN_BOOL_CONVERSION = YES;
				CLANG_WARN_COMMA = YES;
				CLANG_WARN_CONSTANT_CONVERSION = YES;
				CLANG_WARN_DEPRECATED_OBJC_IMPLEMENTATIONS = YES;
				CLANG_WARN_DIRECT_OBJC_ISA_USAGE = YES_ERROR;
				CLANG_WARN_DOCUMENTATION_COMMENTS = YES;
				CLANG_WARN_EMPTY_BODY = YES;
				CLANG_WARN_ENUM_CONVERSION = YES;
				CLANG_WARN_INFINITE_RECURSION = YES;
				CLANG_WARN_INT_CONVERSION = YES;
				CLANG_WARN_NON_LITERAL_NULL_CONVERSION = YES;
				CLANG_WARN_OBJC_IMPLICIT_RETAIN_SELF = YES;
				CLANG_WARN_OBJC_LITERAL_CONVERSION = YES;
				CLANG_WARN_OBJC_ROOT_CLASS = YES_ERROR;
				CLANG_WARN_QUOTED_INCLUDE_IN_FRAMEWORK_HEADER = YES;
				CLANG_WARN_RANGE_LOOP_ANALYSIS = YES;
				CLANG_WARN_STRICT_PROTOTYPES = YES;
				CLANG_WARN_SUSPICIOUS_MOVE = YES;
				CLANG_WARN_UNGUARDED_AVAILABILITY = YES_AGGRESSIVE;
				CLANG_WARN_UNREACHABLE_CODE = YES;
				CLANG_WARN__DUPLICATE_METHOD_MATCH = YES;
				COPY_PHASE_STRIP = NO;
				DEBUG_INFORMATION_FORMAT = "dwarf-with-dsym";
				ENABLE_NS_ASSERTIONS = NO;
				ENABLE_STRICT_OBJC_MSGSEND = YES;
				ENABLE_USER_SCRIPT_SANDBOXING = YES;
				GCC_C_LANGUAGE_STANDARD = gnu17;
				GCC_NO_COMMON_BLOCKS = YES;
				GCC_WARN_64_TO_32_BIT_CONVERSION = YES;
				GCC_WARN_ABOUT_RETURN_TYPE = YES_ERROR;
				GCC_WARN_UNDECLARED_SELECTOR = YES;
				GCC_WARN_UNINITIALIZED_AUTOS = YES_AGGRESSIVE;
				GCC_WARN_UNUSED_FUNCTION = YES;
				GCC_WARN_UNUSED_VARIABLE = YES;
				IPHONEOS_DEPLOYMENT_TARGET = 17.5;
				LOCALIZATION_PREFERS_STRING_CATALOGS = YES;
				MTL_ENABLE_DEBUG_INFO = NO;
				MTL_FAST_MATH = YES;
				SDKROOT = iphoneos;
				SWIFT_COMPILATION_MODE = wholemodule;
				VALIDATE_PRODUCT = YES;
			};
			name = Release;
		};
		2FED03DA2C36586400DD62BE /* Debug */ = {
			isa = XCBuildConfiguration;
			buildSettings = {
				ASSETCATALOG_COMPILER_APPICON_NAME = AppIcon;
				ASSETCATALOG_COMPILER_GLOBAL_ACCENT_COLOR_NAME = AccentColor;
				CODE_SIGN_STYLE = Automatic;
				CURRENT_PROJECT_VERSION = 1;
				DEVELOPMENT_ASSET_PATHS = "\"Landmarks/Preview Content\"";
				DEVELOPMENT_TEAM = JTXPX5QK6Y;
				ENABLE_PREVIEWS = YES;
				GENERATE_INFOPLIST_FILE = YES;
				INFOPLIST_KEY_UIApplicationSceneManifest_Generation = YES;
				INFOPLIST_KEY_UIApplicationSupportsIndirectInputEvents = YES;
				INFOPLIST_KEY_UILaunchScreen_Generation = YES;
				INFOPLIST_KEY_UISupportedInterfaceOrientations_iPad = "UIInterfaceOrientationPortrait UIInterfaceOrientationPortraitUpsideDown UIInterfaceOrientationLandscapeLeft UIInterfaceOrientationLandscapeRight";
				INFOPLIST_KEY_UISupportedInterfaceOrientations_iPhone = "UIInterfaceOrientationPortrait UIInterfaceOrientationLandscapeLeft UIInterfaceOrientationLandscapeRight";
				LD_RUNPATH_SEARCH_PATHS = (
					"$(inherited)",
					"@executable_path/Frameworks",
				);
				MARKETING_VERSION = 1.0;
				PRODUCT_BUNDLE_IDENTIFIER = com.sjaeyoo.Landmarks;
				PRODUCT_NAME = "$(TARGET_NAME)";
				SWIFT_EMIT_LOC_STRINGS = YES;
				SWIFT_VERSION = 5.0;
				TARGETED_DEVICE_FAMILY = "1,2";
			};
			name = Debug;
		};
		2FED03DB2C36586400DD62BE /* Release */ = {
			isa = XCBuildConfiguration;
			buildSettings = {
				ASSETCATALOG_COMPILER_APPICON_NAME = AppIcon;
				ASSETCATALOG_COMPILER_GLOBAL_ACCENT_COLOR_NAME = AccentColor;
				CODE_SIGN_STYLE = Automatic;
				CURRENT_PROJECT_VERSION = 1;
				DEVELOPMENT_ASSET_PATHS = "\"Landmarks/Preview Content\"";
				DEVELOPMENT_TEAM = JTXPX5QK6Y;
				ENABLE_PREVIEWS = YES;
				GENERATE_INFOPLIST_FILE = YES;
				INFOPLIST_KEY_UIApplicationSceneManifest_Generation = YES;
				INFOPLIST_KEY_UIApplicationSupportsIndirectInputEvents = YES;
				INFOPLIST_KEY_UILaunchScreen_Generation = YES;
				INFOPLIST_KEY_UISupportedInterfaceOrientations_iPad = "UIInterfaceOrientationPortrait UIInterfaceOrientationPortraitUpsideDown UIInterfaceOrientationLandscapeLeft UIInterfaceOrientationLandscapeRight";
				INFOPLIST_KEY_UISupportedInterfaceOrientations_iPhone = "UIInterfaceOrientationPortrait UIInterfaceOrientationLandscapeLeft UIInterfaceOrientationLandscapeRight";
				LD_RUNPATH_SEARCH_PATHS = (
					"$(inherited)",
					"@executable_path/Frameworks",
				);
				MARKETING_VERSION = 1.0;
				PRODUCT_BUNDLE_IDENTIFIER = com.sjaeyoo.Landmarks;
				PRODUCT_NAME = "$(TARGET_NAME)";
				SWIFT_EMIT_LOC_STRINGS = YES;
				SWIFT_VERSION = 5.0;
				TARGETED_DEVICE_FAMILY = "1,2";
			};
			name = Release;
		};
		2FED03DD2C36586400DD62BE /* Debug */ = {
			isa = XCBuildConfiguration;
			buildSettings = {
				ALWAYS_EMBED_SWIFT_STANDARD_LIBRARIES = YES;
				BUNDLE_LOADER = "$(TEST_HOST)";
				CODE_SIGN_STYLE = Automatic;
				CURRENT_PROJECT_VERSION = 1;
				DEVELOPMENT_TEAM = JTXPX5QK6Y;
				GENERATE_INFOPLIST_FILE = YES;
				IPHONEOS_DEPLOYMENT_TARGET = 17.5;
				MARKETING_VERSION = 1.0;
				PRODUCT_BUNDLE_IDENTIFIER = com.sjaeyoo.LandmarksTests;
				PRODUCT_NAME = "$(TARGET_NAME)";
				SWIFT_EMIT_LOC_STRINGS = NO;
				SWIFT_VERSION = 5.0;
				TARGETED_DEVICE_FAMILY = "1,2";
				TEST_HOST = "$(BUILT_PRODUCTS_DIR)/Landmarks.app/$(BUNDLE_EXECUTABLE_FOLDER_PATH)/Landmarks";
			};
			name = Debug;
		};
		2FED03DE2C36586400DD62BE /* Release */ = {
			isa = XCBuildConfiguration;
			buildSettings = {
				ALWAYS_EMBED_SWIFT_STANDARD_LIBRARIES = YES;
				BUNDLE_LOADER = "$(TEST_HOST)";
				CODE_SIGN_STYLE = Automatic;
				CURRENT_PROJECT_VERSION = 1;
				DEVELOPMENT_TEAM = JTXPX5QK6Y;
				GENERATE_INFOPLIST_FILE = YES;
				IPHONEOS_DEPLOYMENT_TARGET = 17.5;
				MARKETING_VERSION = 1.0;
				PRODUCT_BUNDLE_IDENTIFIER = com.sjaeyoo.LandmarksTests;
				PRODUCT_NAME = "$(TARGET_NAME)";
				SWIFT_EMIT_LOC_STRINGS = NO;
				SWIFT_VERSION = 5.0;
				TARGETED_DEVICE_FAMILY = "1,2";
				TEST_HOST = "$(BUILT_PRODUCTS_DIR)/Landmarks.app/$(BUNDLE_EXECUTABLE_FOLDER_PATH)/Landmarks";
			};
			name = Release;
		};
		2FED03E02C36586400DD62BE /* Debug */ = {
			isa = XCBuildConfiguration;
			buildSettings = {
				ALWAYS_EMBED_SWIFT_STANDARD_LIBRARIES = YES;
				CODE_SIGN_STYLE = Automatic;
				CURRENT_PROJECT_VERSION = 1;
				DEVELOPMENT_TEAM = JTXPX5QK6Y;
				GENERATE_INFOPLIST_FILE = YES;
				MARKETING_VERSION = 1.0;
				PRODUCT_BUNDLE_IDENTIFIER = com.sjaeyoo.LandmarksUITests;
				PRODUCT_NAME = "$(TARGET_NAME)";
				SWIFT_EMIT_LOC_STRINGS = NO;
				SWIFT_VERSION = 5.0;
				TARGETED_DEVICE_FAMILY = "1,2";
				TEST_TARGET_NAME = Landmarks;
			};
			name = Debug;
		};
		2FED03E12C36586400DD62BE /* Release */ = {
			isa = XCBuildConfiguration;
			buildSettings = {
				ALWAYS_EMBED_SWIFT_STANDARD_LIBRARIES = YES;
				CODE_SIGN_STYLE = Automatic;
				CURRENT_PROJECT_VERSION = 1;
				DEVELOPMENT_TEAM = JTXPX5QK6Y;
				GENERATE_INFOPLIST_FILE = YES;
				MARKETING_VERSION = 1.0;
				PRODUCT_BUNDLE_IDENTIFIER = com.sjaeyoo.LandmarksUITests;
				PRODUCT_NAME = "$(TARGET_NAME)";
				SWIFT_EMIT_LOC_STRINGS = NO;
				SWIFT_VERSION = 5.0;
				TARGETED_DEVICE_FAMILY = "1,2";
				TEST_TARGET_NAME = Landmarks;
			};
			name = Release;
		};
/* End XCBuildConfiguration section */

/* Begin XCConfigurationList section */
		2FED03B02C36586300DD62BE /* Build configuration list for PBXProject "Landmarks" */ = {
			isa = XCConfigurationList;
			buildConfigurations = (
				2FED03D72C36586400DD62BE /* Debug */,
				2FED03D82C36586400DD62BE /* Release */,
			);
			defaultConfigurationIsVisible = 0;
			defaultConfigurationName = Release;
		};
		2FED03D92C36586400DD62BE /* Build configuration list for PBXNativeTarget "Landmarks" */ = {
			isa = XCConfigurationList;
			buildConfigurations = (
				2FED03DA2C36586400DD62BE /* Debug */,
				2FED03DB2C36586400DD62BE /* Release */,
			);
			defaultConfigurationIsVisible = 0;
			defaultConfigurationName = Release;
		};
		2FED03DC2C36586400DD62BE /* Build configuration list for PBXNativeTarget "LandmarksTests" */ = {
			isa = XCConfigurationList;
			buildConfigurations = (
				2FED03DD2C36586400DD62BE /* Debug */,
				2FED03DE2C36586400DD62BE /* Release */,
			);
			defaultConfigurationIsVisible = 0;
			defaultConfigurationName = Release;
		};
		2FED03DF2C36586400DD62BE /* Build configuration list for PBXNativeTarget "LandmarksUITests" */ = {
			isa = XCConfigurationList;
			buildConfigurations = (
				2FED03E02C36586400DD62BE /* Debug */,
				2FED03E12C36586400DD62BE /* Release */,
			);
			defaultConfigurationIsVisible = 0;
			defaultConfigurationName = Release;
		};
/* End XCConfigurationList section */
	};
	rootObject = 2FED03AD2C36586300DD62BE /* Project object */;
}
